
Microsoft Visual Studio Solution File, Format Version 12.00
# Visual Studio Version 17
VisualStudioVersion = 17.11.34929.205
MinimumVisualStudioVersion = 10.0.40219.1
Project("{FAE04EC0-301F-11D3-BF4B-00C04F79EFBC}") = "Health", "Health\Health.csproj", "{2C1AFB83-15C6-481B-95FF-7917E0ACBFC6}"
EndProject
Global
	GlobalSection(SolutionConfigurationPlatforms) = preSolution
		Debug|Any CPU = Debug|Any CPU
		Release|Any CPU = Release|Any CPU
	EndGlobalSection
	GlobalSection(ProjectConfigurationPlatforms) = postSolution
		{2C1AFB83-15C6-481B-95FF-7917E0ACBFC6}.Debug|Any CPU.ActiveCfg = Debug|Any CPU
		{2C1AFB83-15C6-481B-95FF-7917E0ACBFC6}.Debug|Any CPU.Build.0 = Debug|Any CPU
		{2C1AFB83-15C6-481B-95FF-7917E0ACBFC6}.Debug|Any CPU.Deploy.0 = Debug|Any CPU
		{2C1AFB83-15C6-481B-95FF-7917E0ACBFC6}.Release|Any CPU.ActiveCfg = Release|Any CPU
		{2C1AFB83-15C6-481B-95FF-7917E0ACBFC6}.Release|Any CPU.Build.0 = Release|Any CPU
		{2C1AFB83-15C6-481B-95FF-7917E0ACBFC6}.Release|Any CPU.Deploy.0 = Release|Any CPU
	EndGlobalSection
	GlobalSection(SolutionProperties) = preSolution
		HideSolutionNode = FALSE
	EndGlobalSection
	GlobalSection(ExtensibilityGlobals) = postSolution
		SolutionGuid = {9BB3A805-B505-470E-BD63-A29B117ACEB7}
	EndGlobalSection
EndGlobal
